
Microsoft Visual Studio Solution File, Format Version 11.00
# Visual Studio 2010
Project("{FAE04EC0-301F-11D3-BF4B-00C04F79EFBC}") = "COMServer", "COMServer\COMServer.csproj", "{EF709F32-E036-4573-9589-8BA8F3B272E0}"
EndProject
Global
	GlobalSection(SolutionConfigurationPlatforms) = preSolution
		Debug|x86 = Debug|x86
		Release|x86 = Release|x86
	EndGlobalSection
	GlobalSection(ProjectConfigurationPlatforms) = postSolution
		{EF709F32-E036-4573-9589-8BA8F3B272E0}.Debug|x86.ActiveCfg = Debug|x86
		{EF709F32-E036-4573-9589-8BA8F3B272E0}.Debug|x86.Build.0 = Debug|x86
		{EF709F32-E036-4573-9589-8BA8F3B272E0}.Release|x86.ActiveCfg = Release|x86
		{EF709F32-E036-4573-9589-8BA8F3B272E0}.Release|x86.Build.0 = Release|x86
	EndGlobalSection
	GlobalSection(SolutionProperties) = preSolution
		HideSolutionNode = FALSE
	EndGlobalSection
EndGlobal
